<Solution>
  <Project Path="NoticeBoard.Api/NoticeBoard.Api.csproj" Id="38dd6fb2-e6fb-45c0-aead-9a1d543eb128" />
  <Project Path="NoticeBoard.Core/NoticeBoard.Core.csproj" />
  <Project Path="NoticeBoard.Infrastructure/NoticeBoard.Infrastructure.csproj" Id="913865a6-9cc4-46b1-b139-5cbcbc75d83e" />
</Solution>
